{
  "lockfile_version": "1",
  "packages": {
    "bash@latest": {
      "last_modified": "2024-09-20T05:11:28Z",
      "resolved": "github:NixOS/nixpkgs/79454ee9aacc9714653a4e7eb2a52b717728caff#bash",
      "source": "devbox-search",
      "version": "5.2p32",
      "systems": {
        "aarch64-darwin": {
          "outputs": [
            {
              "name": "out",
              "path": "/nix/store/iafzjk7zbkqaszqfp6n006vvxjrpn4f6-bash-5.2p32",
              "default": true
            },
            {
              "name": "man",
              "path": "/nix/store/b7il4x4rh0m4j3k1jjkhx9p5id7mf56j-bash-5.2p32-man",
              "default": true
            },
            {
              "name": "dev",
              "path": "/nix/store/5c55l14xxxzhs1n3il7zcaw12zldi78k-bash-5.2p32-dev"
            },
            {
              "name": "doc",
              "path": "/nix/store/6wwfi3xxgl8ljkzn8dx6b0hny4z4yd7h-bash-5.2p32-doc"
            },
            {
              "name": "info",
              "path": "/nix/store/6rp27mrws220iyi9y7x83n5f1hv4ny3d-bash-5.2p32-info"
            }
          ],
          "store_path": "/nix/store/iafzjk7zbkqaszqfp6n006vvxjrpn4f6-bash-5.2p32"
        },
        "aarch64-linux": {
          "outputs": [
            {
              "name": "out",
              "path": "/nix/store/8jind2ncd72hlzym9pghjjdj79fvqzv5-bash-5.2p32",
              "default": true
            },
            {
              "name": "man",
              "path": "/nix/store/m3651xm193xi71c9qlh6wnha6xxnd5a0-bash-5.2p32-man",
              "default": true
            },
            {
              "name": "debug",
              "path": "/nix/store/wiv7c3c289s2q48c3mbbqqj6w6gcd2xj-bash-5.2p32-debug"
            },
            {
              "name": "dev",
              "path": "/nix/store/znbnjv52rq4fjd22262kzvkifhwnps06-bash-5.2p32-dev"
            },
            {
              "name": "doc",
              "path": "/nix/store/ahb52r6h22awcql153899qs60r0vpjgm-bash-5.2p32-doc"
            },
            {
              "name": "info",
              "path": "/nix/store/8ajlav749iwy3n4887xcafpci4dwcaks-bash-5.2p32-info"
            }
          ],
          "store_path": "/nix/store/8jind2ncd72hlzym9pghjjdj79fvqzv5-bash-5.2p32"
        },
        "x86_64-darwin": {
          "outputs": [
            {
              "name": "out",
              "path": "/nix/store/gyp8mby6x8fljfm8f942w2mkyjdjk6pc-bash-5.2p32",
              "default": true
            },
            {
              "name": "man",
              "path": "/nix/store/adzd2xn9hbh9637lydjs0jx1835shmxk-bash-5.2p32-man",
              "default": true
            },
            {
              "name": "dev",
              "path": "/nix/store/j93qg4dixivcjc68q7nfzzc05pq6iyhw-bash-5.2p32-dev"
            },
            {
              "name": "doc",
              "path": "/nix/store/5k674z6j4pgili7h2im8wcrdr8qysj5c-bash-5.2p32-doc"
            },
            {
              "name": "info",
              "path": "/nix/store/zxvzsfkakh0aiv28vqbs1cr1h9m45hb5-bash-5.2p32-info"
            }
          ],
          "store_path": "/nix/store/gyp8mby6x8fljfm8f942w2mkyjdjk6pc-bash-5.2p32"
        },
        "x86_64-linux": {
          "outputs": [
            {
              "name": "out",
              "path": "/nix/store/izpf49b74i15pcr9708s3xdwyqs4jxwl-bash-5.2p32",
              "default": true
            },
            {
              "name": "man",
              "path": "/nix/store/8806c307rqnjcaqk9xfi8c9yzr05xs75-bash-5.2p32-man",
              "default": true
            },
            {
              "name": "debug",
              "path": "/nix/store/bfayjnhf7d6mbil2bf8kf1wfln1cd5vv-bash-5.2p32-debug"
            },
            {
              "name": "dev",
              "path": "/nix/store/05j8y3dcg5kw87nv09indrlszyixbbww-bash-5.2p32-dev"
            },
            {
              "name": "doc",
              "path": "/nix/store/747vq61kswxxsi877byaqc17wmb6s0p8-bash-5.2p32-doc"
            },
            {
              "name": "info",
              "path": "/nix/store/qnk8h2dh7yb2zrmaljg2s8d2b4makrmi-bash-5.2p32-info"
            }
          ],
          "store_path": "/nix/store/izpf49b74i15pcr9708s3xdwyqs4jxwl-bash-5.2p32"
        }
      }
    },
    "html-tidy@latest": {
      "last_modified": "2024-09-10T15:01:03Z",
      "resolved": "github:NixOS/nixpkgs/5ed627539ac84809c78b2dd6d26a5cebeb5ae269#html-tidy",
      "source": "devbox-search",
      "version": "5.8.0",
      "systems": {
        "aarch64-darwin": {
          "outputs": [
            {
              "name": "out",
              "path": "/nix/store/fyi0dqq74idm6ab8i135ynb49aaigh1h-html-tidy-5.8.0",
              "default": true
            }
          ],
          "store_path": "/nix/store/fyi0dqq74idm6ab8i135ynb49aaigh1h-html-tidy-5.8.0"
        },
        "aarch64-linux": {
          "outputs": [
            {
              "name": "out",
              "path": "/nix/store/mnxvz4s5mqf62nrsig7b4yn1bvlsys9c-html-tidy-5.8.0",
              "default": true
            }
          ],
          "store_path": "/nix/store/mnxvz4s5mqf62nrsig7b4yn1bvlsys9c-html-tidy-5.8.0"
        },
        "x86_64-darwin": {
          "outputs": [
            {
              "name": "out",
              "path": "/nix/store/x7zcq44klyq8hbwg621x042vzzxha6s7-html-tidy-5.8.0",
              "default": true
            }
          ],
          "store_path": "/nix/store/x7zcq44klyq8hbwg621x042vzzxha6s7-html-tidy-5.8.0"
        },
        "x86_64-linux": {
          "outputs": [
            {
              "name": "out",
              "path": "/nix/store/cq3v2crp5np9361br7kn5kg7vh3n4b90-html-tidy-5.8.0",
              "default": true
            }
          ],
          "store_path": "/nix/store/cq3v2crp5np9361br7kn5kg7vh3n4b90-html-tidy-5.8.0"
        }
      }
    },
    "jq@latest": {
      "last_modified": "2024-09-20T05:11:28Z",
      "resolved": "github:NixOS/nixpkgs/79454ee9aacc9714653a4e7eb2a52b717728caff#jq",
      "source": "devbox-search",
      "version": "1.7.1",
      "systems": {
        "aarch64-darwin": {
          "outputs": [
            {
              "name": "bin",
              "path": "/nix/store/9h78n0xjxgjmmb37bi8ca6wyikx357fn-jq-1.7.1-bin",
              "default": true
            },
            {
              "name": "man",
              "path": "/nix/store/gxakkni5fxplsxkhlpd1y39z848r9w1k-jq-1.7.1-man",
              "default": true
            },
            {
              "name": "dev",
              "path": "/nix/store/87lmnqwvgrbr4mymv790ysnp1fp9dbvc-jq-1.7.1-dev"
            },
            {
              "name": "doc",
              "path": "/nix/store/dgrfyris3jajhimxw0p5qwpmdwsz0k6m-jq-1.7.1-doc"
            },
            {
              "name": "lib",
              "path": "/nix/store/1xx96kscxipvqg02hg5zhkc3p6jg8dax-jq-1.7.1-lib"
            },
            {
              "name": "out",
              "path": "/nix/store/49pvp5zyzs3kqafdrvl5l8zrr5gxg2ha-jq-1.7.1"
            }
          ],
          "store_path": "/nix/store/9h78n0xjxgjmmb37bi8ca6wyikx357fn-jq-1.7.1-bin"
        },
        "aarch64-linux": {
          "outputs": [
            {
              "name": "bin",
              "path": "/nix/store/d53sa7n91q32bj4n3d8yfih66w0cnybk-jq-1.7.1-bin",
              "default": true
            },
            {
              "name": "man",
              "path": "/nix/store/m2q5jyh2ifvyy71054kvdq12bq1kny0q-jq-1.7.1-man",
              "default": true
            },
            {
              "name": "doc",
              "path": "/nix/store/3scw7wdaz3mnigbqpir7yd81lfx4vb4a-jq-1.7.1-doc"
            },
            {
              "name": "lib",
              "path": "/nix/store/ffrivwacr1y18qq3fyk5gqz4h99hncza-jq-1.7.1-lib"
            },
            {
              "name": "out",
              "path": "/nix/store/hsrxl3njwwhi8zcbdrradmzdhf8q8b2c-jq-1.7.1"
            },
            {
              "name": "dev",
              "path": "/nix/store/xwy0g4wfzibz2hv9gnrcmg4hncncg0gx-jq-1.7.1-dev"
            }
          ],
          "store_path": "/nix/store/d53sa7n91q32bj4n3d8yfih66w0cnybk-jq-1.7.1-bin"
        },
        "x86_64-darwin": {
          "outputs": [
            {
              "name": "bin",
              "path": "/nix/store/vprdq5a3dk284s7blbxgaciqn90j5vgy-jq-1.7.1-bin",
              "default": true
            },
            {
              "name": "man",
              "path": "/nix/store/b7g1b4d9bkrii1l08h7jm42m346rch3n-jq-1.7.1-man",
              "default": true
            },
            {
              "name": "lib",
              "path": "/nix/store/0lg1w92gx3aam7b1h311ssmjq63p3kd4-jq-1.7.1-lib"
            },
            {
              "name": "out",
              "path": "/nix/store/m8y9qhibbih84af3vqs4wl72k9dpyiyj-jq-1.7.1"
            },
            {
              "name": "dev",
              "path": "/nix/store/mz2z5g6xiji538wkxclm7hxjqcji8kj0-jq-1.7.1-dev"
            },
            {
              "name": "doc",
              "path": "/nix/store/71lp09p1kdcdhk4xvs97w31ik0sjjimr-jq-1.7.1-doc"
            }
          ],
          "store_path": "/nix/store/vprdq5a3dk284s7blbxgaciqn90j5vgy-jq-1.7.1-bin"
        },
        "x86_64-linux": {
          "outputs": [
            {
              "name": "bin",
              "path": "/nix/store/x8jzsy0y1zk30mcvav2rh6lrw1gbzzy3-jq-1.7.1-bin",
              "default": true
            },
            {
              "name": "man",
              "path": "/nix/store/0jpj9xq83imjwhldsrmiyn8pp8wjazp5-jq-1.7.1-man",
              "default": true
            },
            {
              "name": "out",
              "path": "/nix/store/7sy12xv4fwii421d920jxqx63c0ai3w3-jq-1.7.1"
            },
            {
              "name": "dev",
              "path": "/nix/store/04ca5xwvasz6s3jg0k7njz6rzi0d225w-jq-1.7.1-dev"
            },
            {
              "name": "doc",
              "path": "/nix/store/yfc9bsy7n9k66238s3cy7vw3cw1l1ap8-jq-1.7.1-doc"
            },
            {
              "name": "lib",
              "path": "/nix/store/n2vk1zmfzy726amnpr96jibk4zaya6qq-jq-1.7.1-lib"
            }
          ],
          "store_path": "/nix/store/x8jzsy0y1zk30mcvav2rh6lrw1gbzzy3-jq-1.7.1-bin"
        }
      }
    },
    "just@latest": {
      "last_modified": "2024-09-10T15:01:03Z",
      "resolved": "github:NixOS/nixpkgs/5ed627539ac84809c78b2dd6d26a5cebeb5ae269#just",
      "source": "devbox-search",
      "version": "1.35.0",
      "systems": {
        "aarch64-darwin": {
          "outputs": [
            {
              "name": "out",
              "path": "/nix/store/874l9amqmswyy67spzdcipvg0c4zpgs4-just-1.35.0",
              "default": true
            },
            {
              "name": "man",
              "path": "/nix/store/kfb71pvp8v2s5j2xbnacmfp63i14jq42-just-1.35.0-man",
              "default": true
            },
            {
              "name": "doc",
              "path": "/nix/store/kxf0w9wbq1hzqbdgaz9xp6dfvm1w87bs-just-1.35.0-doc"
            }
          ],
          "store_path": "/nix/store/874l9amqmswyy67spzdcipvg0c4zpgs4-just-1.35.0"
        },
        "aarch64-linux": {
          "outputs": [
            {
              "name": "out",
              "path": "/nix/store/ymxdf0mkxkbcy0kg5215wclhc8p3ai7r-just-1.35.0",
              "default": true
            },
            {
              "name": "man",
              "path": "/nix/store/4iaav8fi103xb0gbwqz8abfqbn47ymjm-just-1.35.0-man",
              "default": true
            },
            {
              "name": "doc",
              "path": "/nix/store/944ppn1m7i9vg1hgrr46r0mgibpw31pq-just-1.35.0-doc"
            }
          ],
          "store_path": "/nix/store/ymxdf0mkxkbcy0kg5215wclhc8p3ai7r-just-1.35.0"
        },
        "x86_64-darwin": {
          "outputs": [
            {
              "name": "out",
              "path": "/nix/store/4zbi8rbaqksnggyzjr5s9cfzc3ag0dk2-just-1.35.0",
              "default": true
            },
            {
              "name": "man",
              "path": "/nix/store/i8kbbpr6w3q4242nvf024i0nnf2rr8j9-just-1.35.0-man",
              "default": true
            },
            {
              "name": "doc",
              "path": "/nix/store/fmp8604s89h69664q5w64s20m0qkh4h3-just-1.35.0-doc"
            }
          ],
          "store_path": "/nix/store/4zbi8rbaqksnggyzjr5s9cfzc3ag0dk2-just-1.35.0"
        },
        "x86_64-linux": {
          "outputs": [
            {
              "name": "out",
              "path": "/nix/store/1bkp6pcvnhmn3xp3jz2f6zhdjzjhksz6-just-1.35.0",
              "default": true
            },
            {
              "name": "man",
              "path": "/nix/store/bv3s48ql599mdnl4r896xl686byncng8-just-1.35.0-man",
              "default": true
            },
            {
              "name": "doc",
              "path": "/nix/store/f09814w7yvwx2wx8b5gq6vps016m4npw-just-1.35.0-doc"
            }
          ],
          "store_path": "/nix/store/1bkp6pcvnhmn3xp3jz2f6zhdjzjhksz6-just-1.35.0"
        }
      }
    },
    "pandoc@latest": {
      "last_modified": "2024-09-10T15:01:03Z",
      "resolved": "github:NixOS/nixpkgs/5ed627539ac84809c78b2dd6d26a5cebeb5ae269#pandoc",
      "source": "devbox-search",
      "version": "3.1.11.1",
      "systems": {
        "aarch64-darwin": {
          "outputs": [
            {
              "name": "out",
              "path": "/nix/store/4c9wmvz795qk1f3ybj969w02lawx75w7-pandoc-cli-3.1.11.1",
              "default": true
            }
          ],
          "store_path": "/nix/store/4c9wmvz795qk1f3ybj969w02lawx75w7-pandoc-cli-3.1.11.1"
        },
        "aarch64-linux": {
          "outputs": [
            {
              "name": "out",
              "path": "/nix/store/b682fzvir3mw2zvm4k2mm9yasz9i7b84-pandoc-cli-3.1.11.1",
              "default": true
            }
          ],
          "store_path": "/nix/store/b682fzvir3mw2zvm4k2mm9yasz9i7b84-pandoc-cli-3.1.11.1"
        },
        "x86_64-darwin": {
          "outputs": [
            {
              "name": "out",
              "path": "/nix/store/5lflapvh39qzwbqhlpknwjpczyz7s9hl-pandoc-cli-3.1.11.1",
              "default": true
            }
          ],
          "store_path": "/nix/store/5lflapvh39qzwbqhlpknwjpczyz7s9hl-pandoc-cli-3.1.11.1"
        },
        "x86_64-linux": {
          "outputs": [
            {
              "name": "out",
              "path": "/nix/store/361n3qw5sf4ad9z4xv4b6rdgwvq9y6m9-pandoc-cli-3.1.11.1",
              "default": true
            }
          ],
          "store_path": "/nix/store/361n3qw5sf4ad9z4xv4b6rdgwvq9y6m9-pandoc-cli-3.1.11.1"
        }
      }
    },
    "python@latest": {
      "last_modified": "2024-09-10T15:01:03Z",
      "plugin_version": "0.0.4",
      "resolved": "github:NixOS/nixpkgs/5ed627539ac84809c78b2dd6d26a5cebeb5ae269#python3",
      "source": "devbox-search",
      "version": "3.12.5",
      "systems": {
        "aarch64-darwin": {
          "outputs": [
            {
              "name": "out",
              "path": "/nix/store/9pj4rzx5pbynkkxq1srzwjhywmcfxws3-python3-3.12.5",
              "default": true
            }
          ],
          "store_path": "/nix/store/9pj4rzx5pbynkkxq1srzwjhywmcfxws3-python3-3.12.5"
        },
        "aarch64-linux": {
          "outputs": [
            {
              "name": "out",
              "path": "/nix/store/6iq3nhgdyp8a5wzwf097zf2mn4zyqxr6-python3-3.12.5",
              "default": true
            },
            {
              "name": "debug",
              "path": "/nix/store/xc4hygp28y7g1rvjf0vi7fj0d83a75pj-python3-3.12.5-debug"
            }
          ],
          "store_path": "/nix/store/6iq3nhgdyp8a5wzwf097zf2mn4zyqxr6-python3-3.12.5"
        },
        "x86_64-darwin": {
          "outputs": [
            {
              "name": "out",
              "path": "/nix/store/ks8acr22s4iggnmvxydm5czl30racy32-python3-3.12.5",
              "default": true
            }
          ],
          "store_path": "/nix/store/ks8acr22s4iggnmvxydm5czl30racy32-python3-3.12.5"
        },
        "x86_64-linux": {
          "outputs": [
            {
              "name": "out",
              "path": "/nix/store/h3i0acpmr8mrjx07519xxmidv8mpax4y-python3-3.12.5",
              "default": true
            },
            {
              "name": "debug",
              "path": "/nix/store/0a39pi2s6kxqc3kjjz2y9yzibd62zhhb-python3-3.12.5-debug"
            }
          ],
          "store_path": "/nix/store/h3i0acpmr8mrjx07519xxmidv8mpax4y-python3-3.12.5"
        }
      }
    }
  }
}
