{
  "lockfile_version": "1",
  "packages": {
    "bash@latest": {
      "last_modified": "2024-10-10T05:33:31Z",
      "resolved": "github:NixOS/nixpkgs/b69de56fac8c2b6f8fd27f2eca01dcda8e0a4221#bash",
      "source": "devbox-search",
      "version": "5.2p32",
      "systems": {
        "aarch64-darwin": {
          "outputs": [
            {
              "name": "out",
              "path": "/nix/store/iafzjk7zbkqaszqfp6n006vvxjrpn4f6-bash-5.2p32",
              "default": true
            },
            {
              "name": "man",
              "path": "/nix/store/b7il4x4rh0m4j3k1jjkhx9p5id7mf56j-bash-5.2p32-man",
              "default": true
            },
            {
              "name": "dev",
              "path": "/nix/store/5c55l14xxxzhs1n3il7zcaw12zldi78k-bash-5.2p32-dev"
            },
            {
              "name": "doc",
              "path": "/nix/store/6wwfi3xxgl8ljkzn8dx6b0hny4z4yd7h-bash-5.2p32-doc"
            },
            {
              "name": "info",
              "path": "/nix/store/6rp27mrws220iyi9y7x83n5f1hv4ny3d-bash-5.2p32-info"
            }
          ],
          "store_path": "/nix/store/iafzjk7zbkqaszqfp6n006vvxjrpn4f6-bash-5.2p32"
        },
        "aarch64-linux": {
          "outputs": [
            {
              "name": "out",
              "path": "/nix/store/8jind2ncd72hlzym9pghjjdj79fvqzv5-bash-5.2p32",
              "default": true
            },
            {
              "name": "man",
              "path": "/nix/store/m3651xm193xi71c9qlh6wnha6xxnd5a0-bash-5.2p32-man",
              "default": true
            },
            {
              "name": "debug",
              "path": "/nix/store/wiv7c3c289s2q48c3mbbqqj6w6gcd2xj-bash-5.2p32-debug"
            },
            {
              "name": "dev",
              "path": "/nix/store/znbnjv52rq4fjd22262kzvkifhwnps06-bash-5.2p32-dev"
            },
            {
              "name": "doc",
              "path": "/nix/store/ahb52r6h22awcql153899qs60r0vpjgm-bash-5.2p32-doc"
            },
            {
              "name": "info",
              "path": "/nix/store/8ajlav749iwy3n4887xcafpci4dwcaks-bash-5.2p32-info"
            }
          ],
          "store_path": "/nix/store/8jind2ncd72hlzym9pghjjdj79fvqzv5-bash-5.2p32"
        },
        "x86_64-darwin": {
          "outputs": [
            {
              "name": "out",
              "path": "/nix/store/gyp8mby6x8fljfm8f942w2mkyjdjk6pc-bash-5.2p32",
              "default": true
            },
            {
              "name": "man",
              "path": "/nix/store/adzd2xn9hbh9637lydjs0jx1835shmxk-bash-5.2p32-man",
              "default": true
            },
            {
              "name": "dev",
              "path": "/nix/store/j93qg4dixivcjc68q7nfzzc05pq6iyhw-bash-5.2p32-dev"
            },
            {
              "name": "doc",
              "path": "/nix/store/5k674z6j4pgili7h2im8wcrdr8qysj5c-bash-5.2p32-doc"
            },
            {
              "name": "info",
              "path": "/nix/store/zxvzsfkakh0aiv28vqbs1cr1h9m45hb5-bash-5.2p32-info"
            }
          ],
          "store_path": "/nix/store/gyp8mby6x8fljfm8f942w2mkyjdjk6pc-bash-5.2p32"
        },
        "x86_64-linux": {
          "outputs": [
            {
              "name": "out",
              "path": "/nix/store/izpf49b74i15pcr9708s3xdwyqs4jxwl-bash-5.2p32",
              "default": true
            },
            {
              "name": "man",
              "path": "/nix/store/8806c307rqnjcaqk9xfi8c9yzr05xs75-bash-5.2p32-man",
              "default": true
            },
            {
              "name": "doc",
              "path": "/nix/store/747vq61kswxxsi877byaqc17wmb6s0p8-bash-5.2p32-doc"
            },
            {
              "name": "info",
              "path": "/nix/store/qnk8h2dh7yb2zrmaljg2s8d2b4makrmi-bash-5.2p32-info"
            },
            {
              "name": "debug",
              "path": "/nix/store/bfayjnhf7d6mbil2bf8kf1wfln1cd5vv-bash-5.2p32-debug"
            },
            {
              "name": "dev",
              "path": "/nix/store/05j8y3dcg5kw87nv09indrlszyixbbww-bash-5.2p32-dev"
            }
          ],
          "store_path": "/nix/store/izpf49b74i15pcr9708s3xdwyqs4jxwl-bash-5.2p32"
        }
      }
    },
    "html-tidy@latest": {
      "last_modified": "2024-09-10T15:01:03Z",
      "resolved": "github:NixOS/nixpkgs/5ed627539ac84809c78b2dd6d26a5cebeb5ae269#html-tidy",
      "source": "devbox-search",
      "version": "5.8.0",
      "systems": {
        "aarch64-darwin": {
          "outputs": [
            {
              "name": "out",
              "path": "/nix/store/fyi0dqq74idm6ab8i135ynb49aaigh1h-html-tidy-5.8.0",
              "default": true
            }
          ],
          "store_path": "/nix/store/fyi0dqq74idm6ab8i135ynb49aaigh1h-html-tidy-5.8.0"
        },
        "aarch64-linux": {
          "outputs": [
            {
              "name": "out",
              "path": "/nix/store/mnxvz4s5mqf62nrsig7b4yn1bvlsys9c-html-tidy-5.8.0",
              "default": true
            }
          ],
          "store_path": "/nix/store/mnxvz4s5mqf62nrsig7b4yn1bvlsys9c-html-tidy-5.8.0"
        },
        "x86_64-darwin": {
          "outputs": [
            {
              "name": "out",
              "path": "/nix/store/x7zcq44klyq8hbwg621x042vzzxha6s7-html-tidy-5.8.0",
              "default": true
            }
          ],
          "store_path": "/nix/store/x7zcq44klyq8hbwg621x042vzzxha6s7-html-tidy-5.8.0"
        },
        "x86_64-linux": {
          "outputs": [
            {
              "name": "out",
              "path": "/nix/store/cq3v2crp5np9361br7kn5kg7vh3n4b90-html-tidy-5.8.0",
              "default": true
            }
          ],
          "store_path": "/nix/store/cq3v2crp5np9361br7kn5kg7vh3n4b90-html-tidy-5.8.0"
        }
      }
    },
    "jq@latest": {
      "last_modified": "2024-10-10T05:33:31Z",
      "resolved": "github:NixOS/nixpkgs/b69de56fac8c2b6f8fd27f2eca01dcda8e0a4221#jq",
      "source": "devbox-search",
      "version": "1.7.1",
      "systems": {
        "aarch64-darwin": {
          "outputs": [
            {
              "name": "bin",
              "path": "/nix/store/9h78n0xjxgjmmb37bi8ca6wyikx357fn-jq-1.7.1-bin",
              "default": true
            },
            {
              "name": "man",
              "path": "/nix/store/gxakkni5fxplsxkhlpd1y39z848r9w1k-jq-1.7.1-man",
              "default": true
            },
            {
              "name": "doc",
              "path": "/nix/store/dgrfyris3jajhimxw0p5qwpmdwsz0k6m-jq-1.7.1-doc"
            },
            {
              "name": "lib",
              "path": "/nix/store/1xx96kscxipvqg02hg5zhkc3p6jg8dax-jq-1.7.1-lib"
            },
            {
              "name": "out",
              "path": "/nix/store/49pvp5zyzs3kqafdrvl5l8zrr5gxg2ha-jq-1.7.1"
            },
            {
              "name": "dev",
              "path": "/nix/store/87lmnqwvgrbr4mymv790ysnp1fp9dbvc-jq-1.7.1-dev"
            }
          ],
          "store_path": "/nix/store/9h78n0xjxgjmmb37bi8ca6wyikx357fn-jq-1.7.1-bin"
        },
        "aarch64-linux": {
          "outputs": [
            {
              "name": "bin",
              "path": "/nix/store/d53sa7n91q32bj4n3d8yfih66w0cnybk-jq-1.7.1-bin",
              "default": true
            },
            {
              "name": "man",
              "path": "/nix/store/m2q5jyh2ifvyy71054kvdq12bq1kny0q-jq-1.7.1-man",
              "default": true
            },
            {
              "name": "out",
              "path": "/nix/store/hsrxl3njwwhi8zcbdrradmzdhf8q8b2c-jq-1.7.1"
            },
            {
              "name": "dev",
              "path": "/nix/store/xwy0g4wfzibz2hv9gnrcmg4hncncg0gx-jq-1.7.1-dev"
            },
            {
              "name": "doc",
              "path": "/nix/store/3scw7wdaz3mnigbqpir7yd81lfx4vb4a-jq-1.7.1-doc"
            },
            {
              "name": "lib",
              "path": "/nix/store/ffrivwacr1y18qq3fyk5gqz4h99hncza-jq-1.7.1-lib"
            }
          ],
          "store_path": "/nix/store/d53sa7n91q32bj4n3d8yfih66w0cnybk-jq-1.7.1-bin"
        },
        "x86_64-darwin": {
          "outputs": [
            {
              "name": "bin",
              "path": "/nix/store/vprdq5a3dk284s7blbxgaciqn90j5vgy-jq-1.7.1-bin",
              "default": true
            },
            {
              "name": "man",
              "path": "/nix/store/b7g1b4d9bkrii1l08h7jm42m346rch3n-jq-1.7.1-man",
              "default": true
            },
            {
              "name": "lib",
              "path": "/nix/store/0lg1w92gx3aam7b1h311ssmjq63p3kd4-jq-1.7.1-lib"
            },
            {
              "name": "out",
              "path": "/nix/store/m8y9qhibbih84af3vqs4wl72k9dpyiyj-jq-1.7.1"
            },
            {
              "name": "dev",
              "path": "/nix/store/mz2z5g6xiji538wkxclm7hxjqcji8kj0-jq-1.7.1-dev"
            },
            {
              "name": "doc",
              "path": "/nix/store/71lp09p1kdcdhk4xvs97w31ik0sjjimr-jq-1.7.1-doc"
            }
          ],
          "store_path": "/nix/store/vprdq5a3dk284s7blbxgaciqn90j5vgy-jq-1.7.1-bin"
        },
        "x86_64-linux": {
          "outputs": [
            {
              "name": "bin",
              "path": "/nix/store/x8jzsy0y1zk30mcvav2rh6lrw1gbzzy3-jq-1.7.1-bin",
              "default": true
            },
            {
              "name": "man",
              "path": "/nix/store/0jpj9xq83imjwhldsrmiyn8pp8wjazp5-jq-1.7.1-man",
              "default": true
            },
            {
              "name": "dev",
              "path": "/nix/store/04ca5xwvasz6s3jg0k7njz6rzi0d225w-jq-1.7.1-dev"
            },
            {
              "name": "doc",
              "path": "/nix/store/yfc9bsy7n9k66238s3cy7vw3cw1l1ap8-jq-1.7.1-doc"
            },
            {
              "name": "lib",
              "path": "/nix/store/n2vk1zmfzy726amnpr96jibk4zaya6qq-jq-1.7.1-lib"
            },
            {
              "name": "out",
              "path": "/nix/store/7sy12xv4fwii421d920jxqx63c0ai3w3-jq-1.7.1"
            }
          ],
          "store_path": "/nix/store/x8jzsy0y1zk30mcvav2rh6lrw1gbzzy3-jq-1.7.1-bin"
        }
      }
    },
    "just@latest": {
      "last_modified": "2024-10-08T08:54:18Z",
      "resolved": "github:NixOS/nixpkgs/a2eacc0c62c0537bd1a7a60c1f91d1f3a59fd013#just",
      "source": "devbox-search",
      "version": "1.36.0",
      "systems": {
        "aarch64-darwin": {
          "outputs": [
            {
              "name": "out",
              "path": "/nix/store/c30ap38bczk7gnjkp311h04b7fdhb1bp-just-1.36.0",
              "default": true
            },
            {
              "name": "man",
              "path": "/nix/store/hwprbmw8xc76bdy27gd7sdm4mz3qzwym-just-1.36.0-man",
              "default": true
            },
            {
              "name": "doc",
              "path": "/nix/store/rwpyqrhq5mq6y37bndf47k6p81qmlynh-just-1.36.0-doc"
            }
          ],
          "store_path": "/nix/store/c30ap38bczk7gnjkp311h04b7fdhb1bp-just-1.36.0"
        },
        "aarch64-linux": {
          "outputs": [
            {
              "name": "out",
              "path": "/nix/store/d4l0k69vmqbywayfpnnyymc7nxhz05dm-just-1.36.0",
              "default": true
            },
            {
              "name": "man",
              "path": "/nix/store/jm300rvgz9idglacg6prcsx4ly5zghbv-just-1.36.0-man",
              "default": true
            },
            {
              "name": "doc",
              "path": "/nix/store/8ivar1yv1pwqxhpla2g4vn42441z9q78-just-1.36.0-doc"
            }
          ],
          "store_path": "/nix/store/d4l0k69vmqbywayfpnnyymc7nxhz05dm-just-1.36.0"
        },
        "x86_64-darwin": {
          "outputs": [
            {
              "name": "out",
              "path": "/nix/store/0px5vvvmxf6xw611r5jhdbr5l3ildphz-just-1.36.0",
              "default": true
            },
            {
              "name": "man",
              "path": "/nix/store/dzvh7qi8m4ykk74nms59kvgmz1iypb5l-just-1.36.0-man",
              "default": true
            },
            {
              "name": "doc",
              "path": "/nix/store/fyl3k7889ihkv3i4bb1yy7dr6pdybijw-just-1.36.0-doc"
            }
          ],
          "store_path": "/nix/store/0px5vvvmxf6xw611r5jhdbr5l3ildphz-just-1.36.0"
        },
        "x86_64-linux": {
          "outputs": [
            {
              "name": "out",
              "path": "/nix/store/vghnp6gbqb0iwhm2b42mjm3fwk5cfm5w-just-1.36.0",
              "default": true
            },
            {
              "name": "man",
              "path": "/nix/store/im6kpskb43in5f7qmj0s5w7ag59ix4ai-just-1.36.0-man",
              "default": true
            },
            {
              "name": "doc",
              "path": "/nix/store/c248vfj5lwvd819bki7l1wh6rfbwbrmy-just-1.36.0-doc"
            }
          ],
          "store_path": "/nix/store/vghnp6gbqb0iwhm2b42mjm3fwk5cfm5w-just-1.36.0"
        }
      }
    },
    "pandoc@latest": {
      "last_modified": "2024-10-06T02:39:15Z",
      "resolved": "github:NixOS/nixpkgs/7d49afd36b5590f023ec56809c02e05d8164fbc4#pandoc",
      "source": "devbox-search",
      "version": "3.1.11.1",
      "systems": {
        "aarch64-darwin": {
          "outputs": [
            {
              "name": "out",
              "path": "/nix/store/3hzksnmfa0s4gam3xbhr6gxli8mfw44l-pandoc-cli-3.1.11.1",
              "default": true
            }
          ],
          "store_path": "/nix/store/3hzksnmfa0s4gam3xbhr6gxli8mfw44l-pandoc-cli-3.1.11.1"
        },
        "aarch64-linux": {
          "outputs": [
            {
              "name": "out",
              "path": "/nix/store/9ahpiws9nhvacpbxsvh6bxxxqkq0blsc-pandoc-cli-3.1.11.1",
              "default": true
            }
          ],
          "store_path": "/nix/store/9ahpiws9nhvacpbxsvh6bxxxqkq0blsc-pandoc-cli-3.1.11.1"
        },
        "x86_64-darwin": {
          "outputs": [
            {
              "name": "out",
              "path": "/nix/store/l2hsz3bbm0hq1iz5byvb8n8kdjdkfnkc-pandoc-cli-3.1.11.1",
              "default": true
            }
          ],
          "store_path": "/nix/store/l2hsz3bbm0hq1iz5byvb8n8kdjdkfnkc-pandoc-cli-3.1.11.1"
        },
        "x86_64-linux": {
          "outputs": [
            {
              "name": "out",
              "path": "/nix/store/gq1ijksck8nq1jg1lw3w9kzzx8hqkspz-pandoc-cli-3.1.11.1",
              "default": true
            }
          ],
          "store_path": "/nix/store/gq1ijksck8nq1jg1lw3w9kzzx8hqkspz-pandoc-cli-3.1.11.1"
        }
      }
    },
    "python@latest": {
      "last_modified": "2024-10-10T05:33:31Z",
      "plugin_version": "0.0.4",
      "resolved": "github:NixOS/nixpkgs/b69de56fac8c2b6f8fd27f2eca01dcda8e0a4221#python313",
      "source": "devbox-search",
      "version": "3.13.0",
      "systems": {
        "aarch64-darwin": {
          "outputs": [
            {
              "name": "out",
              "path": "/nix/store/6r3iiz74vadjzdi1p943vmnqfzam8lqi-python3-3.13.0",
              "default": true
            }
          ],
          "store_path": "/nix/store/6r3iiz74vadjzdi1p943vmnqfzam8lqi-python3-3.13.0"
        },
        "aarch64-linux": {
          "outputs": [
            {
              "name": "out",
              "path": "/nix/store/4kbnr2ysvvsb17xpqd2x5i6pfy90znqn-python3-3.13.0",
              "default": true
            },
            {
              "name": "debug",
              "path": "/nix/store/y56jwsmf48ri9gvq7sygdqjdmbi02cp5-python3-3.13.0-debug"
            }
          ],
          "store_path": "/nix/store/4kbnr2ysvvsb17xpqd2x5i6pfy90znqn-python3-3.13.0"
        },
        "x86_64-darwin": {
          "outputs": [
            {
              "name": "out",
              "path": "/nix/store/8km5wpa0yn3fq4v6vdar2bj3sz0kzpvq-python3-3.13.0",
              "default": true
            }
          ],
          "store_path": "/nix/store/8km5wpa0yn3fq4v6vdar2bj3sz0kzpvq-python3-3.13.0"
        },
        "x86_64-linux": {
          "outputs": [
            {
              "name": "out",
              "path": "/nix/store/56f5biib7sbgwy0mma0hww54n04qbggr-python3-3.13.0",
              "default": true
            },
            {
              "name": "debug",
              "path": "/nix/store/j2dx6jx50wp6ayhsfqma0x4l6192awkp-python3-3.13.0-debug"
            }
          ],
          "store_path": "/nix/store/56f5biib7sbgwy0mma0hww54n04qbggr-python3-3.13.0"
        }
      }
    },
    "rsync@latest": {
      "last_modified": "2024-09-10T15:01:03Z",
      "resolved": "github:NixOS/nixpkgs/5ed627539ac84809c78b2dd6d26a5cebeb5ae269#rsync",
      "source": "devbox-search",
      "version": "3.3.0",
      "systems": {
        "aarch64-darwin": {
          "outputs": [
            {
              "name": "out",
              "path": "/nix/store/nayhcjy81hacq0zx5cq6kvv0ny66ylkl-rsync-3.3.0",
              "default": true
            }
          ],
          "store_path": "/nix/store/nayhcjy81hacq0zx5cq6kvv0ny66ylkl-rsync-3.3.0"
        },
        "aarch64-linux": {
          "outputs": [
            {
              "name": "out",
              "path": "/nix/store/pvcf55z7zsxq9pcrca9i51nbv0jmsy9w-rsync-3.3.0",
              "default": true
            }
          ],
          "store_path": "/nix/store/pvcf55z7zsxq9pcrca9i51nbv0jmsy9w-rsync-3.3.0"
        },
        "x86_64-darwin": {
          "outputs": [
            {
              "name": "out",
              "path": "/nix/store/2zpkq1gkbyz1h9pngq4l6snqfj81ra9s-rsync-3.3.0",
              "default": true
            }
          ],
          "store_path": "/nix/store/2zpkq1gkbyz1h9pngq4l6snqfj81ra9s-rsync-3.3.0"
        },
        "x86_64-linux": {
          "outputs": [
            {
              "name": "out",
              "path": "/nix/store/y1ba7s3v10jb1lxrf1zki19mcn6fkwbr-rsync-3.3.0",
              "default": true
            }
          ],
          "store_path": "/nix/store/y1ba7s3v10jb1lxrf1zki19mcn6fkwbr-rsync-3.3.0"
        }
      }
    }
  }
}
